{
  "name": "ajs_NodeJS",
  "lockfileVersion": 2,
  "requires": true,
  "packages": {
    "": {
      "dependencies": {
        "@zireael112/ajs": "^1.0.0"
      }
    },
    "node_modules/@zireael112/ajs": {
      "version": "1.0.0",
      "resolved": "https://npm.pkg.github.com/download/@zireael112/ajs/1.0.0/348f39fa9be32e912880aee7b5c4c20986fd12de",
      "integrity": "sha512-TYb+YKjnINIiqt3Kf6ivTCWKuqlILWTr1VipeIj9cAj7rTVgY9STVhVj2BPZ8Wx7uXioLgGmJYE2mVhgg4+LQA==",
      "license": "ISC"
    }
  },
  "dependencies": {
    "@zireael112/ajs": {
      "version": "1.0.0",
      "resolved": "https://npm.pkg.github.com/download/@zireael112/ajs/1.0.0/348f39fa9be32e912880aee7b5c4c20986fd12de",
      "integrity": "sha512-TYb+YKjnINIiqt3Kf6ivTCWKuqlILWTr1VipeIj9cAj7rTVgY9STVhVj2BPZ8Wx7uXioLgGmJYE2mVhgg4+LQA=="
    }
  }
}
